
Microsoft Visual Studio Solution File, Format Version 12.00
# Visual Studio Version 17
VisualStudioVersion = 17.13.35825.156 d17.13
MinimumVisualStudioVersion = 10.0.40219.1
Project("{FAE04EC0-301F-11D3-BF4B-00C04F79EFBC}") = "AECS20250324.AppWebMVC", "AECS20250324.AppWebMVC\AECS20250324.AppWebMVC.csproj", "{DAD869DF-9926-4CF5-B446-D39F22B36EC6}"
EndProject
Global
	GlobalSection(SolutionConfigurationPlatforms) = preSolution
		Debug|Any CPU = Debug|Any CPU
		Release|Any CPU = Release|Any CPU
	EndGlobalSection
	GlobalSection(ProjectConfigurationPlatforms) = postSolution
		{DAD869DF-9926-4CF5-B446-D39F22B36EC6}.Debug|Any CPU.ActiveCfg = Debug|Any CPU
		{DAD869DF-9926-4CF5-B446-D39F22B36EC6}.Debug|Any CPU.Build.0 = Debug|Any CPU
		{DAD869DF-9926-4CF5-B446-D39F22B36EC6}.Release|Any CPU.ActiveCfg = Release|Any CPU
		{DAD869DF-9926-4CF5-B446-D39F22B36EC6}.Release|Any CPU.Build.0 = Release|Any CPU
	EndGlobalSection
	GlobalSection(SolutionProperties) = preSolution
		HideSolutionNode = FALSE
	EndGlobalSection
	GlobalSection(ExtensibilityGlobals) = postSolution
		SolutionGuid = {2B41AEE8-212B-452D-9CD6-367E349BC0B2}
	EndGlobalSection
EndGlobal
